
Microsoft Visual Studio Solution File, Format Version 12.00
Project("{FAE04EC0-301F-11D3-BF4B-00C04F79EFBC}") = "FindDups.Shared", "FindDups.Shared\FindDups.Shared.csproj", "{A03558FD-4122-4808-94EC-6A5B72455328}"
EndProject
Global
	GlobalSection(SolutionConfigurationPlatforms) = preSolution
		Debug|Any CPU = Debug|Any CPU
		Release|Any CPU = Release|Any CPU
	EndGlobalSection
	GlobalSection(ProjectConfigurationPlatforms) = postSolution
		{A03558FD-4122-4808-94EC-6A5B72455328}.Debug|Any CPU.ActiveCfg = Debug|Any CPU
		{A03558FD-4122-4808-94EC-6A5B72455328}.Debug|Any CPU.Build.0 = Debug|Any CPU
		{A03558FD-4122-4808-94EC-6A5B72455328}.Release|Any CPU.ActiveCfg = Release|Any CPU
		{A03558FD-4122-4808-94EC-6A5B72455328}.Release|Any CPU.Build.0 = Release|Any CPU
	EndGlobalSection
EndGlobal
